// !$*UTF8*$!
{
	archiveVersion = 1;
	classes = {
	};
	objectVersion = 46;
	objects = {

/* Begin PBXBuildFile section */
		161BE92D1BC24BEA00744380 /* AppDelegate.swift in Sources */ = {isa = PBXBuildFile; fileRef = 161BE92C1BC24BEA00744380 /* AppDelegate.swift */; };
		161BE92F1BC24BEA00744380 /* FirstViewController.swift in Sources */ = {isa = PBXBuildFile; fileRef = 161BE92E1BC24BEA00744380 /* FirstViewController.swift */; };
		161BE9311BC24BEA00744380 /* SecondViewController.swift in Sources */ = {isa = PBXBuildFile; fileRef = 161BE9301BC24BEA00744380 /* SecondViewController.swift */; };
		161BE9341BC24BEA00744380 /* Main.storyboard in Resources */ = {isa = PBXBuildFile; fileRef = 161BE9321BC24BEA00744380 /* Main.storyboard */; };
		161BE9361BC24BEA00744380 /* Assets.xcassets in Resources */ = {isa = PBXBuildFile; fileRef = 161BE9351BC24BEA00744380 /* Assets.xcassets */; };
		161BE9391BC24BEA00744380 /* LaunchScreen.storyboard in Resources */ = {isa = PBXBuildFile; fileRef = 161BE9371BC24BEA00744380 /* LaunchScreen.storyboard */; };
/* End PBXBuildFile section */

/* Begin PBXFileReference section */
		161BE9291BC24BEA00744380 /* To Do List.app */ = {isa = PBXFileReference; explicitFileType = wrapper.application; includeInIndex = 0; path = "To Do List.app"; sourceTree = BUILT_PRODUCTS_DIR; };
		161BE92C1BC24BEA00744380 /* AppDelegate.swift */ = {isa = PBXFileReference; lastKnownFileType = sourcecode.swift; path = AppDelegate.swift; sourceTree = "<group>"; };
		161BE92E1BC24BEA00744380 /* FirstViewController.swift */ = {isa = PBXFileReference; lastKnownFileType = sourcecode.swift; path = FirstViewController.swift; sourceTree = "<group>"; };
		161BE9301BC24BEA00744380 /* SecondViewController.swift */ = {isa = PBXFileReference; lastKnownFileType = sourcecode.swift; path = SecondViewController.swift; sourceTree = "<group>"; };
		161BE9331BC24BEA00744380 /* Base */ = {isa = PBXFileReference; lastKnownFileType = file.storyboard; name = Base; path = Base.lproj/Main.storyboard; sourceTree = "<group>"; };
		161BE9351BC24BEA00744380 /* Assets.xcassets */ = {isa = PBXFileReference; lastKnownFileType = folder.assetcatalog; path = Assets.xcassets; sourceTree = "<group>"; };
		161BE9381BC24BEA00744380 /* Base */ = {isa = PBXFileReference; lastKnownFileType = file.storyboard; name = Base; path = Base.lproj/LaunchScreen.storyboard; sourceTree = "<group>"; };
		161BE93A1BC24BEA00744380 /* Info.plist */ = {isa = PBXFileReference; lastKnownFileType = text.plist.xml; path = Info.plist; sourceTree = "<group>"; };
/* End PBXFileReference section */

/* Begin PBXFrameworksBuildPhase section */
		161BE9261BC24BEA00744380 /* Frameworks */ = {
			isa = PBXFrameworksBuildPhase;
			buildActionMask = 2147483647;
			files = (
			);
			runOnlyForDeploymentPostprocessing = 0;
		};
/* End PBXFrameworksBuildPhase section */

/* Begin PBXGroup section */
		161BE9201BC24BEA00744380 = {
			isa = PBXGroup;
			children = (
				161BE92B1BC24BEA00744380 /* To Do List */,
				161BE92A1BC24BEA00744380 /* Products */,
			);
			sourceTree = "<group>";
		};
		161BE92A1BC24BEA00744380 /* Products */ = {
			isa = PBXGroup;
			children = (
				161BE9291BC24BEA00744380 /* To Do List.app */,
			);
			name = Products;
			sourceTree = "<group>";
		};
		161BE92B1BC24BEA00744380 /* To Do List */ = {
			isa = PBXGroup;
			children = (
				161BE92C1BC24BEA00744380 /* AppDelegate.swift */,
				161BE92E1BC24BEA00744380 /* FirstViewController.swift */,
				161BE9301BC24BEA00744380 /* SecondViewController.swift */,
				161BE9321BC24BEA00744380 /* Main.storyboard */,
				161BE9351BC24BEA00744380 /* Assets.xcassets */,
				161BE9371BC24BEA00744380 /* LaunchScreen.storyboard */,
				161BE93A1BC24BEA00744380 /* Info.plist */,
			);
			path = "To Do List";
			sourceTree = "<group>";
		};
/* End PBXGroup section */

/* Begin PBXNativeTarget section */
		161BE9281BC24BEA00744380 /* To Do List */ = {
			isa = PBXNativeTarget;
			buildConfigurationList = 161BE93D1BC24BEA00744380 /* Build configuration list for PBXNativeTarget "To Do List" */;
			buildPhases = (
				161BE9251BC24BEA00744380 /* Sources */,
				161BE9261BC24BEA00744380 /* Frameworks */,
				161BE9271BC24BEA00744380 /* Resources */,
			);
			buildRules = (
			);
			dependencies = (
			);
			name = "To Do List";
			productName = "To Do List";
			productReference = 161BE9291BC24BEA00744380 /* To Do List.app */;
			productType = "com.apple.product-type.application";
		};
/* End PBXNativeTarget section */

/* Begin PBXProject section */
		161BE9211BC24BEA00744380 /* Project object */ = {
			isa = PBXProject;
			attributes = {
				LastUpgradeCheck = 0700;
				ORGANIZATIONNAME = "Luiz Fernando Santiago";
				TargetAttributes = {
					161BE9281BC24BEA00744380 = {
						CreatedOnToolsVersion = 7.0;
					};
				};
			};
			buildConfigurationList = 161BE9241BC24BEA00744380 /* Build configuration list for PBXProject "To Do List" */;
			compatibilityVersion = "Xcode 3.2";
			developmentRegion = English;
			hasScannedForEncodings = 0;
			knownRegions = (
				en,
				Base,
			);
			mainGroup = 161BE9201BC24BEA00744380;
			productRefGroup = 161BE92A1BC24BEA00744380 /* Products */;
			projectDirPath = "";
			projectRoot = "";
			targets = (
				161BE9281BC24BEA00744380 /* To Do List */,
			);
		};
/* End PBXProject section */

/* Begin PBXResourcesBuildPhase section */
		161BE9271BC24BEA00744380 /* Resources */ = {
			isa = PBXResourcesBuildPhase;
			buildActionMask = 2147483647;
			files = (
				161BE9391BC24BEA00744380 /* LaunchScreen.storyboard in Resources */,
				161BE9361BC24BEA00744380 /* Assets.xcassets in Resources */,
				161BE9341BC24BEA00744380 /* Main.storyboard in Resources */,
			);
			runOnlyForDeploymentPostprocessing = 0;
		};
/* End PBXResourcesBuildPhase section */

/* Begin PBXSourcesBuildPhase section */
		161BE9251BC24BEA00744380 /* Sources */ = {
			isa = PBXSourcesBuildPhase;
			buildActionMask = 2147483647;
			files = (
				161BE9311BC24BEA00744380 /* SecondViewController.swift in Sources */,
				161BE92D1BC24BEA00744380 /* AppDelegate.swift in Sources */,
				161BE92F1BC24BEA00744380 /* FirstViewController.swift in Sources */,
			);
			runOnlyForDeploymentPostprocessing = 0;
		};
/* End PBXSourcesBuildPhase section */

/* Begin PBXVariantGroup section */
		161BE9321BC24BEA00744380 /* Main.storyboard */ = {
			isa = PBXVariantGroup;
			children = (
				161BE9331BC24BEA00744380 /* Base */,
			);
			name = Main.storyboard;
			sourceTree = "<group>";
		};
		161BE9371BC24BEA00744380 /* LaunchScreen.storyboard */ = {
			isa = PBXVariantGroup;
			children = (
				161BE9381BC24BEA00744380 /* Base */,
			);
			name = LaunchScreen.storyboard;
			sourceTree = "<group>";
		};
/* End PBXVariantGroup section */

/* Begin XCBuildConfiguration section */
		161BE93B1BC24BEA00744380 /* Debug */ = {
			isa = XCBuildConfiguration;
			buildSettings = {
				ALWAYS_SEARCH_USER_PATHS = NO;
				CLANG_CXX_LANGUAGE_STANDARD = "gnu++0x";
				CLANG_CXX_LIBRARY = "libc++";
				CLANG_ENABLE_MODULES = YES;
				CLANG_ENABLE_OBJC_ARC = YES;
				CLANG_WARN_BOOL_CONVERSION = YES;
				CLANG_WARN_CONSTANT_CONVERSION = YES;
				CLANG_WARN_DIRECT_OBJC_ISA_USAGE = YES_ERROR;
				CLANG_WARN_EMPTY_BODY = YES;
				CLANG_WARN_ENUM_CONVERSION = YES;
				CLANG_WARN_INT_CONVERSION = YES;
				CLANG_WARN_OBJC_ROOT_CLASS = YES_ERROR;
				CLANG_WARN_UNREACHABLE_CODE = YES;
				CLANG_WARN__DUPLICATE_METHOD_MATCH = YES;
				"CODE_SIGN_IDENTITY[sdk=iphoneos*]" = "iPhone Developer";
				COPY_PHASE_STRIP = NO;
				DEBUG_INFORMATION_FORMAT = dwarf;
				ENABLE_STRICT_OBJC_MSGSEND = YES;
				ENABLE_TESTABILITY = YES;
				GCC_C_LANGUAGE_STANDARD = gnu99;
				GCC_DYNAMIC_NO_PIC = NO;
				GCC_NO_COMMON_BLOCKS = YES;
				GCC_OPTIMIZATION_LEVEL = 0;
				GCC_PREPROCESSOR_DEFINITIONS = (
					"DEBUG=1",
					"$(inherited)",
				);
				GCC_WARN_64_TO_32_BIT_CONVERSION = YES;
				GCC_WARN_ABOUT_RETURN_TYPE = YES_ERROR;
				GCC_WARN_UNDECLARED_SELECTOR = YES;
				GCC_WARN_UNINITIALIZED_AUTOS = YES_AGGRESSIVE;
				GCC_WARN_UNUSED_FUNCTION = YES;
				GCC_WARN_UNUSED_VARIABLE = YES;
				IPHONEOS_DEPLOYMENT_TARGET = 9.0;
				MTL_ENABLE_DEBUG_INFO = YES;
				ONLY_ACTIVE_ARCH = YES;
				SDKROOT = iphoneos;
				SWIFT_OPTIMIZATION_LEVEL = "-Onone";
			};
			name = Debug;
		};
		161BE93C1BC24BEA00744380 /* Release */ = {
			isa = XCBuildConfiguration;
			buildSettings = {
				ALWAYS_SEARCH_USER_PATHS = NO;
				CLANG_CXX_LANGUAGE_STANDARD = "gnu++0x";
				CLANG_CXX_LIBRARY = "libc++";
				CLANG_ENABLE_MODULES = YES;
				CLANG_ENABLE_OBJC_ARC = YES;
				CLANG_WARN_BOOL_CONVERSION = YES;
				CLANG_WARN_CONSTANT_CONVERSION = YES;
				CLANG_WARN_DIRECT_OBJC_ISA_USAGE = YES_ERROR;
				CLANG_WARN_EMPTY_BODY = YES;
				CLANG_WARN_ENUM_CONVERSION = YES;
				CLANG_WARN_INT_CONVERSION = YES;
				CLANG_WARN_OBJC_ROOT_CLASS = YES_ERROR;
				CLANG_WARN_UNREACHABLE_CODE = YES;
				CLANG_WARN__DUPLICATE_METHOD_MATCH = YES;
				"CODE_SIGN_IDENTITY[sdk=iphoneos*]" = "iPhone Developer";
				COPY_PHASE_STRIP = NO;
				DEBUG_INFORMATION_FORMAT = "dwarf-with-dsym";
				ENABLE_NS_ASSERTIONS = NO;
				ENABLE_STRICT_OBJC_MSGSEND = YES;
				GCC_C_LANGUAGE_STANDARD = gnu99;
				GCC_NO_COMMON_BLOCKS = YES;
				GCC_WARN_64_TO_32_BIT_CONVERSION = YES;
				GCC_WARN_ABOUT_RETURN_TYPE = YES_ERROR;
				GCC_WARN_UNDECLARED_SELECTOR = YES;
				GCC_WARN_UNINITIALIZED_AUTOS = YES_AGGRESSIVE;
				GCC_WARN_UNUSED_FUNCTION = YES;
				GCC_WARN_UNUSED_VARIABLE = YES;
				IPHONEOS_DEPLOYMENT_TARGET = 9.0;
				MTL_ENABLE_DEBUG_INFO = NO;
				SDKROOT = iphoneos;
				VALIDATE_PRODUCT = YES;
			};
			name = Release;
		};
		161BE93E1BC24BEA00744380 /* Debug */ = {
			isa = XCBuildConfiguration;
			buildSettings = {
				ASSETCATALOG_COMPILER_APPICON_NAME = AppIcon;
				INFOPLIST_FILE = "To Do List/Info.plist";
				LD_RUNPATH_SEARCH_PATHS = "$(inherited) @executable_path/Frameworks";
				PRODUCT_BUNDLE_IDENTIFIER = "com.luizsantiago.To-Do-List";
				PRODUCT_NAME = "$(TARGET_NAME)";
			};
			name = Debug;
		};
		161BE93F1BC24BEA00744380 /* Release */ = {
			isa = XCBuildConfiguration;
			buildSettings = {
				ASSETCATALOG_COMPILER_APPICON_NAME = AppIcon;
				INFOPLIST_FILE = "To Do List/Info.plist";
				LD_RUNPATH_SEARCH_PATHS = "$(inherited) @executable_path/Frameworks";
				PRODUCT_BUNDLE_IDENTIFIER = "com.luizsantiago.To-Do-List";
				PRODUCT_NAME = "$(TARGET_NAME)";
			};
			name = Release;
		};
/* End XCBuildConfiguration section */

/* Begin XCConfigurationList section */
		161BE9241BC24BEA00744380 /* Build configuration list for PBXProject "To Do List" */ = {
			isa = XCConfigurationList;
			buildConfigurations = (
				161BE93B1BC24BEA00744380 /* Debug */,
				161BE93C1BC24BEA00744380 /* Release */,
			);
			defaultConfigurationIsVisible = 0;
			defaultConfigurationName = Release;
		};
		161BE93D1BC24BEA00744380 /* Build configuration list for PBXNativeTarget "To Do List" */ = {
			isa = XCConfigurationList;
			buildConfigurations = (
				161BE93E1BC24BEA00744380 /* Debug */,
				161BE93F1BC24BEA00744380 /* Release */,
			);
			defaultConfigurationIsVisible = 0;
		};
/* End XCConfigurationList section */
	};
	rootObject = 161BE9211BC24BEA00744380 /* Project object */;
}
